
Microsoft Visual Studio Solution File, Format Version 12.00
# Visual Studio 15
VisualStudioVersion = 15.0.28307.645
MinimumVisualStudioVersion = 10.0.40219.1
Project("{9A19103F-16F7-4668-BE54-9A1E7A4F7556}") = "01.Train", "Exercise_Arrays_06.06.2019\01.Train.csproj", "{FCA5AF6C-59AE-4F97-ACF1-AF1824F3C55E}"
EndProject
Project("{FAE04EC0-301F-11D3-BF4B-00C04F79EFBC}") = "04. Array_Rotation", "04. Array_Rotation\04. Array_Rotation.csproj", "{C8207EBF-0957-4FC2-B807-5D4AD708FD91}"
EndProject
Project("{FAE04EC0-301F-11D3-BF4B-00C04F79EFBC}") = "03. Zig-Zag Arrays", "03. Zig-Zag Arrays\03. Zig-Zag Arrays.csproj", "{8851A5D2-86C1-44F3-A20D-AF5CB52D75D0}"
EndProject
Project("{FAE04EC0-301F-11D3-BF4B-00C04F79EFBC}") = "05. Array Rotation", "05. Array Rotation\05. Array Rotation.csproj", "{9C30711B-B77B-43B9-B616-F607BE689DE9}"
EndProject
Global
	GlobalSection(SolutionConfigurationPlatforms) = preSolution
		Debug|Any CPU = Debug|Any CPU
		Release|Any CPU = Release|Any CPU
	EndGlobalSection
	GlobalSection(ProjectConfigurationPlatforms) = postSolution
		{FCA5AF6C-59AE-4F97-ACF1-AF1824F3C55E}.Debug|Any CPU.ActiveCfg = Debug|Any CPU
		{FCA5AF6C-59AE-4F97-ACF1-AF1824F3C55E}.Debug|Any CPU.Build.0 = Debug|Any CPU
		{FCA5AF6C-59AE-4F97-ACF1-AF1824F3C55E}.Release|Any CPU.ActiveCfg = Release|Any CPU
		{FCA5AF6C-59AE-4F97-ACF1-AF1824F3C55E}.Release|Any CPU.Build.0 = Release|Any CPU
		{C8207EBF-0957-4FC2-B807-5D4AD708FD91}.Debug|Any CPU.ActiveCfg = Debug|Any CPU
		{C8207EBF-0957-4FC2-B807-5D4AD708FD91}.Debug|Any CPU.Build.0 = Debug|Any CPU
		{C8207EBF-0957-4FC2-B807-5D4AD708FD91}.Release|Any CPU.ActiveCfg = Release|Any CPU
		{C8207EBF-0957-4FC2-B807-5D4AD708FD91}.Release|Any CPU.Build.0 = Release|Any CPU
		{8851A5D2-86C1-44F3-A20D-AF5CB52D75D0}.Debug|Any CPU.ActiveCfg = Debug|Any CPU
		{8851A5D2-86C1-44F3-A20D-AF5CB52D75D0}.Debug|Any CPU.Build.0 = Debug|Any CPU
		{8851A5D2-86C1-44F3-A20D-AF5CB52D75D0}.Release|Any CPU.ActiveCfg = Release|Any CPU
		{8851A5D2-86C1-44F3-A20D-AF5CB52D75D0}.Release|Any CPU.Build.0 = Release|Any CPU
		{9C30711B-B77B-43B9-B616-F607BE689DE9}.Debug|Any CPU.ActiveCfg = Debug|Any CPU
		{9C30711B-B77B-43B9-B616-F607BE689DE9}.Debug|Any CPU.Build.0 = Debug|Any CPU
		{9C30711B-B77B-43B9-B616-F607BE689DE9}.Release|Any CPU.ActiveCfg = Release|Any CPU
		{9C30711B-B77B-43B9-B616-F607BE689DE9}.Release|Any CPU.Build.0 = Release|Any CPU
	EndGlobalSection
	GlobalSection(SolutionProperties) = preSolution
		HideSolutionNode = FALSE
	EndGlobalSection
	GlobalSection(ExtensibilityGlobals) = postSolution
		SolutionGuid = {A0EAAC4F-A9C8-406E-B0CF-9D5088B10D93}
	EndGlobalSection
EndGlobal
